// !$*UTF8*$!
{
	archiveVersion = 1;
	classes = {
	};
	objectVersion = 46;
	objects = {

/* Begin PBXBuildFile section */
		CA3A7B9213708CDE00CF5E6B /* UIKit.framework in Frameworks */ = {isa = PBXBuildFile; fileRef = CA3A7B9113708CDE00CF5E6B /* UIKit.framework */; };
		CA3A7B9413708CDE00CF5E6B /* Foundation.framework in Frameworks */ = {isa = PBXBuildFile; fileRef = CA3A7B9313708CDE00CF5E6B /* Foundation.framework */; };
		CA3A7B9613708CDE00CF5E6B /* CoreGraphics.framework in Frameworks */ = {isa = PBXBuildFile; fileRef = CA3A7B9513708CDE00CF5E6B /* CoreGraphics.framework */; };
		CA3A7B9C13708CDE00CF5E6B /* InfoPlist.strings in Resources */ = {isa = PBXBuildFile; fileRef = CA3A7B9A13708CDE00CF5E6B /* InfoPlist.strings */; };
		CA3A7B9F13708CDE00CF5E6B /* main.m in Sources */ = {isa = PBXBuildFile; fileRef = CA3A7B9E13708CDE00CF5E6B /* main.m */; };
		F3450E3D1A24A31D0035EED3 /* UIInputToolbarAppDelegate.m in Sources */ = {isa = PBXBuildFile; fileRef = F3450E3C1A24A31D0035EED3 /* UIInputToolbarAppDelegate.m */; };
		F3450E961A2753430035EED3 /* Default-568h@2x.png in Resources */ = {isa = PBXBuildFile; fileRef = F3450E921A2753430035EED3 /* Default-568h@2x.png */; };
		F3450E971A2753430035EED3 /* Main_iPhone.storyboard in Resources */ = {isa = PBXBuildFile; fileRef = F3450E931A2753430035EED3 /* Main_iPhone.storyboard */; };
		F3450E981A2753430035EED3 /* UIInputToolbarViewController.m in Sources */ = {isa = PBXBuildFile; fileRef = F3450E951A2753430035EED3 /* UIInputToolbarViewController.m */; };
		F3450EA71A27534F0035EED3 /* ZIMInputToolbar.m in Sources */ = {isa = PBXBuildFile; fileRef = F3450E9C1A27534F0035EED3 /* ZIMInputToolbar.m */; };
		F3450EA81A27534F0035EED3 /* ZIMExpandingTextView.m in Sources */ = {isa = PBXBuildFile; fileRef = F3450E9E1A27534F0035EED3 /* ZIMExpandingTextView.m */; };
		F3450EAD1A27534F0035EED3 /* textbg_7@2x.png in Resources */ = {isa = PBXBuildFile; fileRef = F3450EA41A27534F0035EED3 /* textbg_7@2x.png */; };
/* End PBXBuildFile section */

/* Begin PBXFileReference section */
		CA3A7B8D13708CDE00CF5E6B /* UIInputToolbarSample.app */ = {isa = PBXFileReference; explicitFileType = wrapper.application; includeInIndex = 0; path = UIInputToolbarSample.app; sourceTree = BUILT_PRODUCTS_DIR; };
		CA3A7B9113708CDE00CF5E6B /* UIKit.framework */ = {isa = PBXFileReference; lastKnownFileType = wrapper.framework; name = UIKit.framework; path = System/Library/Frameworks/UIKit.framework; sourceTree = SDKROOT; };
		CA3A7B9313708CDE00CF5E6B /* Foundation.framework */ = {isa = PBXFileReference; lastKnownFileType = wrapper.framework; name = Foundation.framework; path = System/Library/Frameworks/Foundation.framework; sourceTree = SDKROOT; };
		CA3A7B9513708CDE00CF5E6B /* CoreGraphics.framework */ = {isa = PBXFileReference; lastKnownFileType = wrapper.framework; name = CoreGraphics.framework; path = System/Library/Frameworks/CoreGraphics.framework; sourceTree = SDKROOT; };
		CA3A7B9913708CDE00CF5E6B /* UIInputToolbarSample-Info.plist */ = {isa = PBXFileReference; lastKnownFileType = text.plist.xml; path = "UIInputToolbarSample-Info.plist"; sourceTree = "<group>"; };
		CA3A7B9B13708CDE00CF5E6B /* en */ = {isa = PBXFileReference; lastKnownFileType = text.plist.strings; name = en; path = en.lproj/InfoPlist.strings; sourceTree = "<group>"; };
		CA3A7B9D13708CDE00CF5E6B /* UIInputToolbarSample-Prefix.pch */ = {isa = PBXFileReference; lastKnownFileType = sourcecode.c.h; path = "UIInputToolbarSample-Prefix.pch"; sourceTree = "<group>"; };
		CA3A7B9E13708CDE00CF5E6B /* main.m */ = {isa = PBXFileReference; lastKnownFileType = sourcecode.c.objc; path = main.m; sourceTree = "<group>"; };
		F3450E3B1A24A31D0035EED3 /* UIInputToolbarAppDelegate.h */ = {isa = PBXFileReference; fileEncoding = 4; lastKnownFileType = sourcecode.c.h; path = UIInputToolbarAppDelegate.h; sourceTree = "<group>"; };
		F3450E3C1A24A31D0035EED3 /* UIInputToolbarAppDelegate.m */ = {isa = PBXFileReference; fileEncoding = 4; lastKnownFileType = sourcecode.c.objc; path = UIInputToolbarAppDelegate.m; sourceTree = "<group>"; };
		F3450E921A2753430035EED3 /* Default-568h@2x.png */ = {isa = PBXFileReference; lastKnownFileType = image.png; path = "Default-568h@2x.png"; sourceTree = "<group>"; };
		F3450E931A2753430035EED3 /* Main_iPhone.storyboard */ = {isa = PBXFileReference; fileEncoding = 4; lastKnownFileType = file.storyboard; path = Main_iPhone.storyboard; sourceTree = "<group>"; };
		F3450E941A2753430035EED3 /* UIInputToolbarViewController.h */ = {isa = PBXFileReference; fileEncoding = 4; lastKnownFileType = sourcecode.c.h; path = UIInputToolbarViewController.h; sourceTree = "<group>"; };
		F3450E951A2753430035EED3 /* UIInputToolbarViewController.m */ = {isa = PBXFileReference; fileEncoding = 4; lastKnownFileType = sourcecode.c.objc; path = UIInputToolbarViewController.m; sourceTree = "<group>"; };
		F3450E9B1A27534F0035EED3 /* ZIMInputToolbar.h */ = {isa = PBXFileReference; fileEncoding = 4; lastKnownFileType = sourcecode.c.h; path = ZIMInputToolbar.h; sourceTree = "<group>"; };
		F3450E9C1A27534F0035EED3 /* ZIMInputToolbar.m */ = {isa = PBXFileReference; fileEncoding = 4; lastKnownFileType = sourcecode.c.objc; path = ZIMInputToolbar.m; sourceTree = "<group>"; };
		F3450E9D1A27534F0035EED3 /* ZIMExpandingTextView.h */ = {isa = PBXFileReference; fileEncoding = 4; lastKnownFileType = sourcecode.c.h; path = ZIMExpandingTextView.h; sourceTree = "<group>"; };
		F3450E9E1A27534F0035EED3 /* ZIMExpandingTextView.m */ = {isa = PBXFileReference; fileEncoding = 4; lastKnownFileType = sourcecode.c.objc; path = ZIMExpandingTextView.m; sourceTree = "<group>"; };
		F3450EA41A27534F0035EED3 /* textbg_7@2x.png */ = {isa = PBXFileReference; lastKnownFileType = image.png; path = "textbg_7@2x.png"; sourceTree = "<group>"; };
/* End PBXFileReference section */

/* Begin PBXFrameworksBuildPhase section */
		CA3A7B8A13708CDE00CF5E6B /* Frameworks */ = {
			isa = PBXFrameworksBuildPhase;
			buildActionMask = 2147483647;
			files = (
				CA3A7B9213708CDE00CF5E6B /* UIKit.framework in Frameworks */,
				CA3A7B9413708CDE00CF5E6B /* Foundation.framework in Frameworks */,
				CA3A7B9613708CDE00CF5E6B /* CoreGraphics.framework in Frameworks */,
			);
			runOnlyForDeploymentPostprocessing = 0;
		};
/* End PBXFrameworksBuildPhase section */

/* Begin PBXGroup section */
		CA3A7B8213708CDE00CF5E6B = {
			isa = PBXGroup;
			children = (
				CA3A7B9713708CDE00CF5E6B /* UIInputToolbarSample */,
				CA3A7B9013708CDE00CF5E6B /* Frameworks */,
				CA3A7B8E13708CDE00CF5E6B /* Products */,
			);
			sourceTree = "<group>";
		};
		CA3A7B8E13708CDE00CF5E6B /* Products */ = {
			isa = PBXGroup;
			children = (
				CA3A7B8D13708CDE00CF5E6B /* UIInputToolbarSample.app */,
			);
			name = Products;
			sourceTree = "<group>";
		};
		CA3A7B9013708CDE00CF5E6B /* Frameworks */ = {
			isa = PBXGroup;
			children = (
				CA3A7B9113708CDE00CF5E6B /* UIKit.framework */,
				CA3A7B9313708CDE00CF5E6B /* Foundation.framework */,
				CA3A7B9513708CDE00CF5E6B /* CoreGraphics.framework */,
			);
			name = Frameworks;
			sourceTree = "<group>";
		};
		CA3A7B9713708CDE00CF5E6B /* UIInputToolbarSample */ = {
			isa = PBXGroup;
			children = (
				F3450E991A27534F0035EED3 /* ZIMInputToolbar */,
				F3450E921A2753430035EED3 /* Default-568h@2x.png */,
				F3450E931A2753430035EED3 /* Main_iPhone.storyboard */,
				F3450E941A2753430035EED3 /* UIInputToolbarViewController.h */,
				F3450E951A2753430035EED3 /* UIInputToolbarViewController.m */,
				CA3A7B9813708CDE00CF5E6B /* Supporting Files */,
				F3450E3B1A24A31D0035EED3 /* UIInputToolbarAppDelegate.h */,
				F3450E3C1A24A31D0035EED3 /* UIInputToolbarAppDelegate.m */,
			);
			path = UIInputToolbarSample;
			sourceTree = "<group>";
		};
		CA3A7B9813708CDE00CF5E6B /* Supporting Files */ = {
			isa = PBXGroup;
			children = (
				CA3A7B9913708CDE00CF5E6B /* UIInputToolbarSample-Info.plist */,
				CA3A7B9A13708CDE00CF5E6B /* InfoPlist.strings */,
				CA3A7B9D13708CDE00CF5E6B /* UIInputToolbarSample-Prefix.pch */,
				CA3A7B9E13708CDE00CF5E6B /* main.m */,
			);
			name = "Supporting Files";
			sourceTree = "<group>";
		};
		F3450E991A27534F0035EED3 /* ZIMInputToolbar */ = {
			isa = PBXGroup;
			children = (
				F3450E9A1A27534F0035EED3 /* Classes */,
				F3450E9F1A27534F0035EED3 /* Resources */,
			);
			path = ZIMInputToolbar;
			sourceTree = SOURCE_ROOT;
		};
		F3450E9A1A27534F0035EED3 /* Classes */ = {
			isa = PBXGroup;
			children = (
				F3450E9B1A27534F0035EED3 /* ZIMInputToolbar.h */,
				F3450E9C1A27534F0035EED3 /* ZIMInputToolbar.m */,
				F3450E9D1A27534F0035EED3 /* ZIMExpandingTextView.h */,
				F3450E9E1A27534F0035EED3 /* ZIMExpandingTextView.m */,
			);
			path = Classes;
			sourceTree = "<group>";
		};
		F3450E9F1A27534F0035EED3 /* Resources */ = {
			isa = PBXGroup;
			children = (
				F3450EA41A27534F0035EED3 /* textbg_7@2x.png */,
			);
			path = Resources;
			sourceTree = "<group>";
		};
/* End PBXGroup section */

/* Begin PBXNativeTarget section */
		CA3A7B8C13708CDE00CF5E6B /* UIInputToolbarSample */ = {
			isa = PBXNativeTarget;
			buildConfigurationList = CA3A7BA813708CDF00CF5E6B /* Build configuration list for PBXNativeTarget "UIInputToolbarSample" */;
			buildPhases = (
				CA3A7B8913708CDE00CF5E6B /* Sources */,
				CA3A7B8A13708CDE00CF5E6B /* Frameworks */,
				CA3A7B8B13708CDE00CF5E6B /* Resources */,
			);
			buildRules = (
			);
			dependencies = (
			);
			name = UIInputToolbarSample;
			productName = UIInputToolbarSample;
			productReference = CA3A7B8D13708CDE00CF5E6B /* UIInputToolbarSample.app */;
			productType = "com.apple.product-type.application";
		};
/* End PBXNativeTarget section */

/* Begin PBXProject section */
		CA3A7B8413708CDE00CF5E6B /* Project object */ = {
			isa = PBXProject;
			attributes = {
				LastUpgradeCheck = 0610;
			};
			buildConfigurationList = CA3A7B8713708CDE00CF5E6B /* Build configuration list for PBXProject "UIInputToolbarSample" */;
			compatibilityVersion = "Xcode 3.2";
			developmentRegion = English;
			hasScannedForEncodings = 0;
			knownRegions = (
				en,
			);
			mainGroup = CA3A7B8213708CDE00CF5E6B;
			productRefGroup = CA3A7B8E13708CDE00CF5E6B /* Products */;
			projectDirPath = "";
			projectRoot = "";
			targets = (
				CA3A7B8C13708CDE00CF5E6B /* UIInputToolbarSample */,
			);
		};
/* End PBXProject section */

/* Begin PBXResourcesBuildPhase section */
		CA3A7B8B13708CDE00CF5E6B /* Resources */ = {
			isa = PBXResourcesBuildPhase;
			buildActionMask = 2147483647;
			files = (
				F3450EAD1A27534F0035EED3 /* textbg_7@2x.png in Resources */,
				CA3A7B9C13708CDE00CF5E6B /* InfoPlist.strings in Resources */,
				F3450E961A2753430035EED3 /* Default-568h@2x.png in Resources */,
				F3450E971A2753430035EED3 /* Main_iPhone.storyboard in Resources */,
			);
			runOnlyForDeploymentPostprocessing = 0;
		};
/* End PBXResourcesBuildPhase section */

/* Begin PBXSourcesBuildPhase section */
		CA3A7B8913708CDE00CF5E6B /* Sources */ = {
			isa = PBXSourcesBuildPhase;
			buildActionMask = 2147483647;
			files = (
				F3450EA71A27534F0035EED3 /* ZIMInputToolbar.m in Sources */,
				CA3A7B9F13708CDE00CF5E6B /* main.m in Sources */,
				F3450E981A2753430035EED3 /* UIInputToolbarViewController.m in Sources */,
				F3450E3D1A24A31D0035EED3 /* UIInputToolbarAppDelegate.m in Sources */,
				F3450EA81A27534F0035EED3 /* ZIMExpandingTextView.m in Sources */,
			);
			runOnlyForDeploymentPostprocessing = 0;
		};
/* End PBXSourcesBuildPhase section */

/* Begin PBXVariantGroup section */
		CA3A7B9A13708CDE00CF5E6B /* InfoPlist.strings */ = {
			isa = PBXVariantGroup;
			children = (
				CA3A7B9B13708CDE00CF5E6B /* en */,
			);
			name = InfoPlist.strings;
			sourceTree = "<group>";
		};
/* End PBXVariantGroup section */

/* Begin XCBuildConfiguration section */
		CA3A7BA613708CDF00CF5E6B /* Debug */ = {
			isa = XCBuildConfiguration;
			buildSettings = {
				CLANG_ENABLE_OBJC_ARC = NO;
				"CODE_SIGN_IDENTITY[sdk=iphoneos*]" = "iPhone Developer";
				GCC_C_LANGUAGE_STANDARD = gnu99;
				GCC_OPTIMIZATION_LEVEL = 0;
				GCC_PREPROCESSOR_DEFINITIONS = DEBUG;
				GCC_SYMBOLS_PRIVATE_EXTERN = NO;
				GCC_VERSION = com.apple.compilers.llvmgcc42;
				GCC_WARN_ABOUT_RETURN_TYPE = YES;
				GCC_WARN_UNUSED_VARIABLE = YES;
				IPHONEOS_DEPLOYMENT_TARGET = 5.1;
				ONLY_ACTIVE_ARCH = YES;
				SDKROOT = iphoneos;
			};
			name = Debug;
		};
		CA3A7BA713708CDF00CF5E6B /* Release */ = {
			isa = XCBuildConfiguration;
			buildSettings = {
				CLANG_ENABLE_OBJC_ARC = NO;
				"CODE_SIGN_IDENTITY[sdk=iphoneos*]" = "iPhone Developer";
				GCC_C_LANGUAGE_STANDARD = gnu99;
				GCC_VERSION = com.apple.compilers.llvmgcc42;
				GCC_WARN_ABOUT_RETURN_TYPE = YES;
				GCC_WARN_UNUSED_VARIABLE = YES;
				IPHONEOS_DEPLOYMENT_TARGET = 5.1;
				OTHER_CFLAGS = "-DNS_BLOCK_ASSERTIONS=1";
				SDKROOT = iphoneos;
			};
			name = Release;
		};
		CA3A7BA913708CDF00CF5E6B /* Debug */ = {
			isa = XCBuildConfiguration;
			buildSettings = {
				ALWAYS_SEARCH_USER_PATHS = NO;
				CLANG_ENABLE_OBJC_ARC = YES;
				COPY_PHASE_STRIP = NO;
				GCC_DYNAMIC_NO_PIC = NO;
				GCC_PRECOMPILE_PREFIX_HEADER = YES;
				GCC_PREFIX_HEADER = "UIInputToolbarSample/UIInputToolbarSample-Prefix.pch";
				GCC_VERSION = com.apple.compilers.llvm.clang.1_0;
				INFOPLIST_FILE = "UIInputToolbarSample/UIInputToolbarSample-Info.plist";
				IPHONEOS_DEPLOYMENT_TARGET = 7.0;
				PRODUCT_NAME = "$(TARGET_NAME)";
				WRAPPER_EXTENSION = app;
			};
			name = Debug;
		};
		CA3A7BAA13708CDF00CF5E6B /* Release */ = {
			isa = XCBuildConfiguration;
			buildSettings = {
				ALWAYS_SEARCH_USER_PATHS = NO;
				CLANG_ENABLE_OBJC_ARC = YES;
				COPY_PHASE_STRIP = YES;
				GCC_PRECOMPILE_PREFIX_HEADER = YES;
				GCC_PREFIX_HEADER = "UIInputToolbarSample/UIInputToolbarSample-Prefix.pch";
				GCC_VERSION = com.apple.compilers.llvm.clang.1_0;
				INFOPLIST_FILE = "UIInputToolbarSample/UIInputToolbarSample-Info.plist";
				IPHONEOS_DEPLOYMENT_TARGET = 7.0;
				PRODUCT_NAME = "$(TARGET_NAME)";
				VALIDATE_PRODUCT = YES;
				WRAPPER_EXTENSION = app;
			};
			name = Release;
		};
/* End XCBuildConfiguration section */

/* Begin XCConfigurationList section */
		CA3A7B8713708CDE00CF5E6B /* Build configuration list for PBXProject "UIInputToolbarSample" */ = {
			isa = XCConfigurationList;
			buildConfigurations = (
				CA3A7BA613708CDF00CF5E6B /* Debug */,
				CA3A7BA713708CDF00CF5E6B /* Release */,
			);
			defaultConfigurationIsVisible = 0;
			defaultConfigurationName = Release;
		};
		CA3A7BA813708CDF00CF5E6B /* Build configuration list for PBXNativeTarget "UIInputToolbarSample" */ = {
			isa = XCConfigurationList;
			buildConfigurations = (
				CA3A7BA913708CDF00CF5E6B /* Debug */,
				CA3A7BAA13708CDF00CF5E6B /* Release */,
			);
			defaultConfigurationIsVisible = 0;
			defaultConfigurationName = Release;
		};
/* End XCConfigurationList section */
	};
	rootObject = CA3A7B8413708CDE00CF5E6B /* Project object */;
}
